
Microsoft Visual Studio Solution File, Format Version 12.00
# Visual Studio Version 17
VisualStudioVersion = 17.0.31903.59
MinimumVisualStudioVersion = 10.0.40219.1
Project("{2150E333-8FDC-42A3-9474-1A3956D46DE8}") = "src", "src", "{16CB6874-100D-44AF-83A8-E476C974CE59}"
EndProject
Project("{9A19103F-16F7-4668-BE54-9A1E7A4F7556}") = "Program", "src\Program\Program.csproj", "{15BC30BA-48E0-4585-AFD7-E4FA88C4712F}"
EndProject
Project("{9A19103F-16F7-4668-BE54-9A1E7A4F7556}") = "UI", "src\UI\UI.csproj", "{D479C9CD-4ABE-451E-96EC-01258B6041FF}"
EndProject
Project("{2150E333-8FDC-42A3-9474-1A3956D46DE8}") = "tests", "tests", "{C7363E2B-8824-4DF8-B9A4-BC9130B239CD}"
EndProject
Project("{FAE04EC0-301F-11D3-BF4B-00C04F79EFBC}") = "Program.Tests", "tests\Program.Tests\Program.Tests.csproj", "{015158FA-D789-4398-A5FD-25055CD3A7E2}"
EndProject
Global
	GlobalSection(SolutionConfigurationPlatforms) = preSolution
		Debug|Any CPU = Debug|Any CPU
		Release|Any CPU = Release|Any CPU
	EndGlobalSection
	GlobalSection(ProjectConfigurationPlatforms) = postSolution
		{15BC30BA-48E0-4585-AFD7-E4FA88C4712F}.Debug|Any CPU.ActiveCfg = Debug|Any CPU
		{15BC30BA-48E0-4585-AFD7-E4FA88C4712F}.Debug|Any CPU.Build.0 = Debug|Any CPU
		{15BC30BA-48E0-4585-AFD7-E4FA88C4712F}.Release|Any CPU.ActiveCfg = Release|Any CPU
		{15BC30BA-48E0-4585-AFD7-E4FA88C4712F}.Release|Any CPU.Build.0 = Release|Any CPU
		{D479C9CD-4ABE-451E-96EC-01258B6041FF}.Debug|Any CPU.ActiveCfg = Debug|Any CPU
		{D479C9CD-4ABE-451E-96EC-01258B6041FF}.Debug|Any CPU.Build.0 = Debug|Any CPU
		{D479C9CD-4ABE-451E-96EC-01258B6041FF}.Debug|Any CPU.Deploy.0 = Debug|Any CPU
		{D479C9CD-4ABE-451E-96EC-01258B6041FF}.Release|Any CPU.ActiveCfg = Release|Any CPU
		{D479C9CD-4ABE-451E-96EC-01258B6041FF}.Release|Any CPU.Build.0 = Release|Any CPU
		{015158FA-D789-4398-A5FD-25055CD3A7E2}.Debug|Any CPU.ActiveCfg = Debug|Any CPU
		{015158FA-D789-4398-A5FD-25055CD3A7E2}.Debug|Any CPU.Build.0 = Debug|Any CPU
		{015158FA-D789-4398-A5FD-25055CD3A7E2}.Release|Any CPU.ActiveCfg = Release|Any CPU
		{015158FA-D789-4398-A5FD-25055CD3A7E2}.Release|Any CPU.Build.0 = Release|Any CPU
	EndGlobalSection
	GlobalSection(SolutionProperties) = preSolution
		HideSolutionNode = FALSE
	EndGlobalSection
	GlobalSection(NestedProjects) = preSolution
		{15BC30BA-48E0-4585-AFD7-E4FA88C4712F} = {16CB6874-100D-44AF-83A8-E476C974CE59}
		{D479C9CD-4ABE-451E-96EC-01258B6041FF} = {16CB6874-100D-44AF-83A8-E476C974CE59}
		{015158FA-D789-4398-A5FD-25055CD3A7E2} = {C7363E2B-8824-4DF8-B9A4-BC9130B239CD}
	EndGlobalSection
	GlobalSection(ExtensibilityGlobals) = postSolution
		SolutionGuid = {1FF215E4-C1D0-449F-A6B1-4418C6A53177}
	EndGlobalSection
EndGlobal
